// !$*UTF8*$!
{
	archiveVersion = 1;
	classes = {
	};
	objectVersion = 56;
	objects = {

/* Begin PBXBuildFile section */
		6F19EA3D2B14C7B400E6FB15 /* NovaVacinaCard.swift in Sources */ = {isa = PBXBuildFile; fileRef = 6F19EA3C2B14C7B400E6FB15 /* NovaVacinaCard.swift */; };
		6F19EA412B1612D200E6FB15 /* NovoExameCard.swift in Sources */ = {isa = PBXBuildFile; fileRef = 6F19EA402B1612D200E6FB15 /* NovoExameCard.swift */; };
		6F19EA432B16157800E6FB15 /* ExameView.swift in Sources */ = {isa = PBXBuildFile; fileRef = 6F19EA422B16157800E6FB15 /* ExameView.swift */; };
		6FB82BA12B1627C600B5C863 /* NovoMedicamentoCard.swift in Sources */ = {isa = PBXBuildFile; fileRef = 6FB82BA02B1627C600B5C863 /* NovoMedicamentoCard.swift */; };
		6FB82BA32B162A4000B5C863 /* MedicamentoView.swift in Sources */ = {isa = PBXBuildFile; fileRef = 6FB82BA22B162A4000B5C863 /* MedicamentoView.swift */; };
		6FB82BA52B162F5000B5C863 /* NovaConsultaCard.swift in Sources */ = {isa = PBXBuildFile; fileRef = 6FB82BA42B162F5000B5C863 /* NovaConsultaCard.swift */; };
		6FB82BA72B16363600B5C863 /* ConsultaView.swift in Sources */ = {isa = PBXBuildFile; fileRef = 6FB82BA62B16363600B5C863 /* ConsultaView.swift */; };
		6FB82BA92B1764AD00B5C863 /* CastracaoView.swift in Sources */ = {isa = PBXBuildFile; fileRef = 6FB82BA82B1764AD00B5C863 /* CastracaoView.swift */; };
		6FF3D8F52B0CF5300098A031 /* PetCard.swift in Sources */ = {isa = PBXBuildFile; fileRef = 6FF3D8F42B0CF5300098A031 /* PetCard.swift */; };
		CF3D17322B14CEB2004E226E /* CartilhaView.swift in Sources */ = {isa = PBXBuildFile; fileRef = CF3D17312B14CEB2004E226E /* CartilhaView.swift */; };
		CF795ED02B10D13D004AE085 /* FeedView.swift in Sources */ = {isa = PBXBuildFile; fileRef = CF795ECF2B10D13D004AE085 /* FeedView.swift */; };
		CFF7CEEE2B0E38B300622BBF /* PerfilPetView.swift in Sources */ = {isa = PBXBuildFile; fileRef = CFF7CEED2B0E38B300622BBF /* PerfilPetView.swift */; };
		EF5BF3EB2B06653600520E25 /* ConnectPetApp.swift in Sources */ = {isa = PBXBuildFile; fileRef = EF5BF3EA2B06653600520E25 /* ConnectPetApp.swift */; };
		EF5BF3ED2B06653600520E25 /* ContentView.swift in Sources */ = {isa = PBXBuildFile; fileRef = EF5BF3EC2B06653600520E25 /* ContentView.swift */; };
		EF5BF3EF2B06653800520E25 /* Assets.xcassets in Resources */ = {isa = PBXBuildFile; fileRef = EF5BF3EE2B06653800520E25 /* Assets.xcassets */; };
		EF5BF3F22B06653800520E25 /* Preview Assets.xcassets in Resources */ = {isa = PBXBuildFile; fileRef = EF5BF3F12B06653800520E25 /* Preview Assets.xcassets */; };
		EF9A566F2B162791006A491A /* VacinaViewModel.swift in Sources */ = {isa = PBXBuildFile; fileRef = EF9A566E2B162791006A491A /* VacinaViewModel.swift */; };
		EFC5BBF42B0F8FDF0090D18A /* CadastroPetView.swift in Sources */ = {isa = PBXBuildFile; fileRef = EFC5BBF32B0F8FDE0090D18A /* CadastroPetView.swift */; };
		EFC5BBF62B0F8FEA0090D18A /* CadastroPetViewModel.swift in Sources */ = {isa = PBXBuildFile; fileRef = EFC5BBF52B0F8FEA0090D18A /* CadastroPetViewModel.swift */; };
		EFC5BBF82B10D1A80090D18A /* EnumCadastroPet.swift in Sources */ = {isa = PBXBuildFile; fileRef = EFC5BBF72B10D1A80090D18A /* EnumCadastroPet.swift */; };
		EFC5BBFA2B10D2290090D18A /* TabBarView.swift in Sources */ = {isa = PBXBuildFile; fileRef = EFC5BBF92B10D2290090D18A /* TabBarView.swift */; };
		EFCC11852B0CFA1600353DEB /* ConnectPet.xcdatamodeld in Sources */ = {isa = PBXBuildFile; fileRef = EFCC117F2B0CF9D100353DEB /* ConnectPet.xcdatamodeld */; };
		EFCC11872B0CFC0300353DEB /* Persistence.swift in Sources */ = {isa = PBXBuildFile; fileRef = EFCC11862B0CFC0300353DEB /* Persistence.swift */; };
		EFCFDA182B178C1500E3C811 /* VacinaView.swift in Sources */ = {isa = PBXBuildFile; fileRef = EFCFDA172B178C1500E3C811 /* VacinaView.swift */; };
		EFCFDA1A2B178D1B00E3C811 /* PerfilView.swift in Sources */ = {isa = PBXBuildFile; fileRef = EFCFDA192B178D1B00E3C811 /* PerfilView.swift */; };
		EFCFDA1C2B178D2F00E3C811 /* ListaPetView.swift in Sources */ = {isa = PBXBuildFile; fileRef = EFCFDA1B2B178D2F00E3C811 /* ListaPetView.swift */; };
		EFCFDA1E2B18B54400E3C811 /* PhotoPicker.swift in Sources */ = {isa = PBXBuildFile; fileRef = EFCFDA1D2B18B54400E3C811 /* PhotoPicker.swift */; };
		EFCFDA202B18B59D00E3C811 /* ListaVacinasView.swift in Sources */ = {isa = PBXBuildFile; fileRef = EFCFDA1F2B18B59D00E3C811 /* ListaVacinasView.swift */; };
		EFCFDA232B18B5DE00E3C811 /* OnBoardingView.swift in Sources */ = {isa = PBXBuildFile; fileRef = EFCFDA222B18B5DE00E3C811 /* OnBoardingView.swift */; };
		EFCFDA252B18B5EF00E3C811 /* OnBoarding1.swift in Sources */ = {isa = PBXBuildFile; fileRef = EFCFDA242B18B5EF00E3C811 /* OnBoarding1.swift */; };
		EFCFDA272B18B60100E3C811 /* OnBoarding2.swift in Sources */ = {isa = PBXBuildFile; fileRef = EFCFDA262B18B60100E3C811 /* OnBoarding2.swift */; };
		EFCFDA292B18B60800E3C811 /* OnBoarding3.swift in Sources */ = {isa = PBXBuildFile; fileRef = EFCFDA282B18B60800E3C811 /* OnBoarding3.swift */; };
		EFCFDA2B2B18B61100E3C811 /* OnBoarding4.swift in Sources */ = {isa = PBXBuildFile; fileRef = EFCFDA2A2B18B61100E3C811 /* OnBoarding4.swift */; };
/* End PBXBuildFile section */

/* Begin PBXFileReference section */
		6F19EA3C2B14C7B400E6FB15 /* NovaVacinaCard.swift */ = {isa = PBXFileReference; lastKnownFileType = sourcecode.swift; path = NovaVacinaCard.swift; sourceTree = "<group>"; };
		6F19EA402B1612D200E6FB15 /* NovoExameCard.swift */ = {isa = PBXFileReference; lastKnownFileType = sourcecode.swift; path = NovoExameCard.swift; sourceTree = "<group>"; };
		6F19EA422B16157800E6FB15 /* ExameView.swift */ = {isa = PBXFileReference; lastKnownFileType = sourcecode.swift; path = ExameView.swift; sourceTree = "<group>"; };
		6FB82BA02B1627C600B5C863 /* NovoMedicamentoCard.swift */ = {isa = PBXFileReference; lastKnownFileType = sourcecode.swift; path = NovoMedicamentoCard.swift; sourceTree = "<group>"; };
		6FB82BA22B162A4000B5C863 /* MedicamentoView.swift */ = {isa = PBXFileReference; lastKnownFileType = sourcecode.swift; path = MedicamentoView.swift; sourceTree = "<group>"; };
		6FB82BA42B162F5000B5C863 /* NovaConsultaCard.swift */ = {isa = PBXFileReference; lastKnownFileType = sourcecode.swift; path = NovaConsultaCard.swift; sourceTree = "<group>"; };
		6FB82BA62B16363600B5C863 /* ConsultaView.swift */ = {isa = PBXFileReference; lastKnownFileType = sourcecode.swift; path = ConsultaView.swift; sourceTree = "<group>"; };
		6FB82BA82B1764AD00B5C863 /* CastracaoView.swift */ = {isa = PBXFileReference; lastKnownFileType = sourcecode.swift; path = CastracaoView.swift; sourceTree = "<group>"; };
		6FF3D8F42B0CF5300098A031 /* PetCard.swift */ = {isa = PBXFileReference; lastKnownFileType = sourcecode.swift; path = PetCard.swift; sourceTree = "<group>"; };
		CF3D17312B14CEB2004E226E /* CartilhaView.swift */ = {isa = PBXFileReference; lastKnownFileType = sourcecode.swift; path = CartilhaView.swift; sourceTree = "<group>"; };
		CF795ECF2B10D13D004AE085 /* FeedView.swift */ = {isa = PBXFileReference; lastKnownFileType = sourcecode.swift; path = FeedView.swift; sourceTree = SOURCE_ROOT; };
		CFF7CEED2B0E38B300622BBF /* PerfilPetView.swift */ = {isa = PBXFileReference; lastKnownFileType = sourcecode.swift; name = PerfilPetView.swift; path = ConnectPet/Flow/BoasVindas/PerfilPetView.swift; sourceTree = SOURCE_ROOT; };
		EF5BF3E72B06653600520E25 /* ConnectPet.app */ = {isa = PBXFileReference; explicitFileType = wrapper.application; includeInIndex = 0; path = ConnectPet.app; sourceTree = BUILT_PRODUCTS_DIR; };
		EF5BF3EA2B06653600520E25 /* ConnectPetApp.swift */ = {isa = PBXFileReference; lastKnownFileType = sourcecode.swift; path = ConnectPetApp.swift; sourceTree = "<group>"; };
		EF5BF3EC2B06653600520E25 /* ContentView.swift */ = {isa = PBXFileReference; lastKnownFileType = sourcecode.swift; path = ContentView.swift; sourceTree = "<group>"; };
		EF5BF3EE2B06653800520E25 /* Assets.xcassets */ = {isa = PBXFileReference; lastKnownFileType = folder.assetcatalog; path = Assets.xcassets; sourceTree = "<group>"; };
		EF5BF3F12B06653800520E25 /* Preview Assets.xcassets */ = {isa = PBXFileReference; lastKnownFileType = folder.assetcatalog; path = "Preview Assets.xcassets"; sourceTree = "<group>"; };
		EF9A566E2B162791006A491A /* VacinaViewModel.swift */ = {isa = PBXFileReference; lastKnownFileType = sourcecode.swift; path = VacinaViewModel.swift; sourceTree = "<group>"; };
		EF9A56702B1627AD006A491A /* ConnectPet.entitlements */ = {isa = PBXFileReference; lastKnownFileType = text.plist.entitlements; path = ConnectPet.entitlements; sourceTree = "<group>"; };
		EFC5BBF32B0F8FDE0090D18A /* CadastroPetView.swift */ = {isa = PBXFileReference; fileEncoding = 4; lastKnownFileType = sourcecode.swift; path = CadastroPetView.swift; sourceTree = "<group>"; };
		EFC5BBF52B0F8FEA0090D18A /* CadastroPetViewModel.swift */ = {isa = PBXFileReference; fileEncoding = 4; lastKnownFileType = sourcecode.swift; path = CadastroPetViewModel.swift; sourceTree = "<group>"; };
		EFC5BBF72B10D1A80090D18A /* EnumCadastroPet.swift */ = {isa = PBXFileReference; lastKnownFileType = sourcecode.swift; path = EnumCadastroPet.swift; sourceTree = "<group>"; };
		EFC5BBF92B10D2290090D18A /* TabBarView.swift */ = {isa = PBXFileReference; fileEncoding = 4; lastKnownFileType = sourcecode.swift; path = TabBarView.swift; sourceTree = "<group>"; };
		EFCC11802B0CF9D100353DEB /* ConnectPet.xcdatamodel */ = {isa = PBXFileReference; lastKnownFileType = wrapper.xcdatamodel; path = ConnectPet.xcdatamodel; sourceTree = "<group>"; };
		EFCC11862B0CFC0300353DEB /* Persistence.swift */ = {isa = PBXFileReference; fileEncoding = 4; lastKnownFileType = sourcecode.swift; path = Persistence.swift; sourceTree = "<group>"; };
		EFCFDA172B178C1500E3C811 /* VacinaView.swift */ = {isa = PBXFileReference; lastKnownFileType = sourcecode.swift; path = VacinaView.swift; sourceTree = "<group>"; };
		EFCFDA192B178D1B00E3C811 /* PerfilView.swift */ = {isa = PBXFileReference; fileEncoding = 4; lastKnownFileType = sourcecode.swift; path = PerfilView.swift; sourceTree = "<group>"; };
		EFCFDA1B2B178D2F00E3C811 /* ListaPetView.swift */ = {isa = PBXFileReference; fileEncoding = 4; lastKnownFileType = sourcecode.swift; path = ListaPetView.swift; sourceTree = "<group>"; };
		EFCFDA1D2B18B54400E3C811 /* PhotoPicker.swift */ = {isa = PBXFileReference; lastKnownFileType = sourcecode.swift; path = PhotoPicker.swift; sourceTree = "<group>"; };
		EFCFDA1F2B18B59D00E3C811 /* ListaVacinasView.swift */ = {isa = PBXFileReference; lastKnownFileType = sourcecode.swift; path = ListaVacinasView.swift; sourceTree = "<group>"; };
		EFCFDA222B18B5DE00E3C811 /* OnBoardingView.swift */ = {isa = PBXFileReference; lastKnownFileType = sourcecode.swift; path = OnBoardingView.swift; sourceTree = "<group>"; };
		EFCFDA242B18B5EF00E3C811 /* OnBoarding1.swift */ = {isa = PBXFileReference; lastKnownFileType = sourcecode.swift; path = OnBoarding1.swift; sourceTree = "<group>"; };
		EFCFDA262B18B60100E3C811 /* OnBoarding2.swift */ = {isa = PBXFileReference; lastKnownFileType = sourcecode.swift; path = OnBoarding2.swift; sourceTree = "<group>"; };
		EFCFDA282B18B60800E3C811 /* OnBoarding3.swift */ = {isa = PBXFileReference; lastKnownFileType = sourcecode.swift; path = OnBoarding3.swift; sourceTree = "<group>"; };
		EFCFDA2A2B18B61100E3C811 /* OnBoarding4.swift */ = {isa = PBXFileReference; lastKnownFileType = sourcecode.swift; path = OnBoarding4.swift; sourceTree = "<group>"; };
/* End PBXFileReference section */

/* Begin PBXFrameworksBuildPhase section */
		EF5BF3E42B06653600520E25 /* Frameworks */ = {
			isa = PBXFrameworksBuildPhase;
			buildActionMask = 2147483647;
			files = (
			);
			runOnlyForDeploymentPostprocessing = 0;
		};
/* End PBXFrameworksBuildPhase section */

/* Begin PBXGroup section */
		6FF3D8F32B0CF5110098A031 /* Componentes */ = {
			isa = PBXGroup;
			children = (
				6FF3D8F42B0CF5300098A031 /* PetCard.swift */,
				6F19EA402B1612D200E6FB15 /* NovoExameCard.swift */,
				6FB82BA02B1627C600B5C863 /* NovoMedicamentoCard.swift */,
				6FB82BA42B162F5000B5C863 /* NovaConsultaCard.swift */,
			);
			path = Componentes;
			sourceTree = "<group>";
		};
		CF3D17302B14CE3E004E226E /* SubFeedView */ = {
			isa = PBXGroup;
			children = (
				CF3D17312B14CEB2004E226E /* CartilhaView.swift */,
			);
			path = SubFeedView;
			sourceTree = "<group>";
		};
		EF5BF3DE2B06653600520E25 = {
			isa = PBXGroup;
			children = (
				EF5BF3E92B06653600520E25 /* ConnectPet */,
				EF5BF3E82B06653600520E25 /* Products */,
			);
			sourceTree = "<group>";
		};
		EF5BF3E82B06653600520E25 /* Products */ = {
			isa = PBXGroup;
			children = (
				EF5BF3E72B06653600520E25 /* ConnectPet.app */,
			);
			name = Products;
			sourceTree = "<group>";
		};
		EF5BF3E92B06653600520E25 /* ConnectPet */ = {
			isa = PBXGroup;
			children = (
				EF9A56702B1627AD006A491A /* ConnectPet.entitlements */,
				EF5BF4002B079CFD00520E25 /* Persistence */,
				EF5BF3F92B06B01C00520E25 /* Flow */,
				EF5BF3EA2B06653600520E25 /* ConnectPetApp.swift */,
				6F19EA422B16157800E6FB15 /* ExameView.swift */,
				6FB82BA62B16363600B5C863 /* ConsultaView.swift */,
				6FB82BA82B1764AD00B5C863 /* CastracaoView.swift */,
				6FB82BA22B162A4000B5C863 /* MedicamentoView.swift */,
				EF5BF3EC2B06653600520E25 /* ContentView.swift */,
				6FF3D8F32B0CF5110098A031 /* Componentes */,
				EFCC117F2B0CF9D100353DEB /* ConnectPet.xcdatamodeld */,
				EF5BF3EE2B06653800520E25 /* Assets.xcassets */,
				EF5BF3F02B06653800520E25 /* Preview Content */,
			);
			path = ConnectPet;
			sourceTree = "<group>";
		};
		EF5BF3F02B06653800520E25 /* Preview Content */ = {
			isa = PBXGroup;
			children = (
				EF5BF3F12B06653800520E25 /* Preview Assets.xcassets */,
			);
			path = "Preview Content";
			sourceTree = "<group>";
		};
		EF5BF3F92B06B01C00520E25 /* Flow */ = {
			isa = PBXGroup;
			children = (
				EFCFDA212B18B5CC00E3C811 /* OnBoarding */,
				EF5BF3FF2B06B09400520E25 /* CadastroPet */,
				EF5BF3FE2B06B08400520E25 /* PerfilPet */,
				EF5BF3FD2B06B06F00520E25 /* Perfil */,
				EF5BF3FC2B06B05900520E25 /* Feed */,
				EF5BF3FB2B06B03400520E25 /* ListaPets */,
				EF5BF3FA2B06B02500520E25 /* TabBar */,
			);
			path = Flow;
			sourceTree = "<group>";
		};
		EF5BF3FA2B06B02500520E25 /* TabBar */ = {
			isa = PBXGroup;
			children = (
				EFC5BBF92B10D2290090D18A /* TabBarView.swift */,
			);
			path = TabBar;
			sourceTree = "<group>";
		};
		EF5BF3FB2B06B03400520E25 /* ListaPets */ = {
			isa = PBXGroup;
			children = (
				EFCFDA1B2B178D2F00E3C811 /* ListaPetView.swift */,
			);
			path = ListaPets;
			sourceTree = "<group>";
		};
		EF5BF3FC2B06B05900520E25 /* Feed */ = {
			isa = PBXGroup;
			children = (
				CF795ECF2B10D13D004AE085 /* FeedView.swift */,
				CF3D17302B14CE3E004E226E /* SubFeedView */,
			);
			path = Feed;
			sourceTree = "<group>";
		};
		EF5BF3FD2B06B06F00520E25 /* Perfil */ = {
			isa = PBXGroup;
			children = (
				EFCFDA192B178D1B00E3C811 /* PerfilView.swift */,
				EFCFDA1D2B18B54400E3C811 /* PhotoPicker.swift */,
			);
			path = Perfil;
			sourceTree = "<group>";
		};
		EF5BF3FE2B06B08400520E25 /* PerfilPet */ = {
			isa = PBXGroup;
			children = (
				EF9A566D2B1626DD006A491A /* Vacina */,
				CFF7CEED2B0E38B300622BBF /* PerfilPetView.swift */,
			);
			path = PerfilPet;
			sourceTree = "<group>";
		};
		EF5BF3FF2B06B09400520E25 /* CadastroPet */ = {
			isa = PBXGroup;
			children = (
				EFC5BBF52B0F8FEA0090D18A /* CadastroPetViewModel.swift */,
				EFC5BBF32B0F8FDE0090D18A /* CadastroPetView.swift */,
				EFC5BBF72B10D1A80090D18A /* EnumCadastroPet.swift */,
			);
			path = CadastroPet;
			sourceTree = "<group>";
		};
		EF5BF4002B079CFD00520E25 /* Persistence */ = {
			isa = PBXGroup;
			children = (
				EFCC11862B0CFC0300353DEB /* Persistence.swift */,
			);
			path = Persistence;
			sourceTree = "<group>";
		};
		EF9A566D2B1626DD006A491A /* Vacina */ = {
			isa = PBXGroup;
			children = (
				6F19EA3C2B14C7B400E6FB15 /* NovaVacinaCard.swift */,
				EF9A566E2B162791006A491A /* VacinaViewModel.swift */,
				EFCFDA1F2B18B59D00E3C811 /* ListaVacinasView.swift */,
				EFCFDA172B178C1500E3C811 /* VacinaView.swift */,
			);
			path = Vacina;
			sourceTree = "<group>";
		};
		EFCFDA212B18B5CC00E3C811 /* OnBoarding */ = {
			isa = PBXGroup;
			children = (
				EFCFDA222B18B5DE00E3C811 /* OnBoardingView.swift */,
				EFCFDA242B18B5EF00E3C811 /* OnBoarding1.swift */,
				EFCFDA262B18B60100E3C811 /* OnBoarding2.swift */,
				EFCFDA282B18B60800E3C811 /* OnBoarding3.swift */,
				EFCFDA2A2B18B61100E3C811 /* OnBoarding4.swift */,
			);
			path = OnBoarding;
			sourceTree = "<group>";
		};
/* End PBXGroup section */

/* Begin PBXNativeTarget section */
		EF5BF3E62B06653600520E25 /* ConnectPet */ = {
			isa = PBXNativeTarget;
			buildConfigurationList = EF5BF3F52B06653800520E25 /* Build configuration list for PBXNativeTarget "ConnectPet" */;
			buildPhases = (
				EF5BF3E32B06653600520E25 /* Sources */,
				EF5BF3E42B06653600520E25 /* Frameworks */,
				EF5BF3E52B06653600520E25 /* Resources */,
			);
			buildRules = (
			);
			dependencies = (
			);
			name = ConnectPet;
			productName = ConnectPet;
			productReference = EF5BF3E72B06653600520E25 /* ConnectPet.app */;
			productType = "com.apple.product-type.application";
		};
/* End PBXNativeTarget section */

/* Begin PBXProject section */
		EF5BF3DF2B06653600520E25 /* Project object */ = {
			isa = PBXProject;
			attributes = {
				BuildIndependentTargetsInParallel = 1;
				LastSwiftUpdateCheck = 1500;
				LastUpgradeCheck = 1500;
				TargetAttributes = {
					EF5BF3E62B06653600520E25 = {
						CreatedOnToolsVersion = 15.0;
					};
				};
			};
			buildConfigurationList = EF5BF3E22B06653600520E25 /* Build configuration list for PBXProject "ConnectPet" */;
			compatibilityVersion = "Xcode 14.0";
			developmentRegion = en;
			hasScannedForEncodings = 0;
			knownRegions = (
				en,
				Base,
			);
			mainGroup = EF5BF3DE2B06653600520E25;
			productRefGroup = EF5BF3E82B06653600520E25 /* Products */;
			projectDirPath = "";
			projectRoot = "";
			targets = (
				EF5BF3E62B06653600520E25 /* ConnectPet */,
			);
		};
/* End PBXProject section */

/* Begin PBXResourcesBuildPhase section */
		EF5BF3E52B06653600520E25 /* Resources */ = {
			isa = PBXResourcesBuildPhase;
			buildActionMask = 2147483647;
			files = (
				EF5BF3F22B06653800520E25 /* Preview Assets.xcassets in Resources */,
				EF5BF3EF2B06653800520E25 /* Assets.xcassets in Resources */,
			);
			runOnlyForDeploymentPostprocessing = 0;
		};
/* End PBXResourcesBuildPhase section */

/* Begin PBXSourcesBuildPhase section */
		EF5BF3E32B06653600520E25 /* Sources */ = {
			isa = PBXSourcesBuildPhase;
			buildActionMask = 2147483647;
			files = (
				EF9A566F2B162791006A491A /* VacinaViewModel.swift in Sources */,
				EFCFDA1A2B178D1B00E3C811 /* PerfilView.swift in Sources */,
				6F19EA412B1612D200E6FB15 /* NovoExameCard.swift in Sources */,
				EFCFDA232B18B5DE00E3C811 /* OnBoardingView.swift in Sources */,
				6FF3D8F52B0CF5300098A031 /* PetCard.swift in Sources */,
				CF3D17322B14CEB2004E226E /* CartilhaView.swift in Sources */,
				EFCFDA292B18B60800E3C811 /* OnBoarding3.swift in Sources */,
				6FB82BA92B1764AD00B5C863 /* CastracaoView.swift in Sources */,
				6FB82BA52B162F5000B5C863 /* NovaConsultaCard.swift in Sources */,
				EFC5BBF42B0F8FDF0090D18A /* CadastroPetView.swift in Sources */,
				CFF7CEEE2B0E38B300622BBF /* PerfilPetView.swift in Sources */,
				EFCFDA2B2B18B61100E3C811 /* OnBoarding4.swift in Sources */,
				EFCC11852B0CFA1600353DEB /* ConnectPet.xcdatamodeld in Sources */,
				EFCFDA202B18B59D00E3C811 /* ListaVacinasView.swift in Sources */,
				CF795ED02B10D13D004AE085 /* FeedView.swift in Sources */,
				EFCFDA1C2B178D2F00E3C811 /* ListaPetView.swift in Sources */,
				EFCC11872B0CFC0300353DEB /* Persistence.swift in Sources */,
				EFCFDA272B18B60100E3C811 /* OnBoarding2.swift in Sources */,
				EFC5BBF82B10D1A80090D18A /* EnumCadastroPet.swift in Sources */,
				EFC5BBF62B0F8FEA0090D18A /* CadastroPetViewModel.swift in Sources */,
				6FB82BA32B162A4000B5C863 /* MedicamentoView.swift in Sources */,
				EFCFDA182B178C1500E3C811 /* VacinaView.swift in Sources */,
				EF5BF3ED2B06653600520E25 /* ContentView.swift in Sources */,
				EFC5BBFA2B10D2290090D18A /* TabBarView.swift in Sources */,
				EF5BF3EB2B06653600520E25 /* ConnectPetApp.swift in Sources */,
				6F19EA3D2B14C7B400E6FB15 /* NovaVacinaCard.swift in Sources */,
				6FB82BA72B16363600B5C863 /* ConsultaView.swift in Sources */,
				EFCFDA252B18B5EF00E3C811 /* OnBoarding1.swift in Sources */,
				6FB82BA12B1627C600B5C863 /* NovoMedicamentoCard.swift in Sources */,
				EFCFDA1E2B18B54400E3C811 /* PhotoPicker.swift in Sources */,
				6F19EA432B16157800E6FB15 /* ExameView.swift in Sources */,
			);
			runOnlyForDeploymentPostprocessing = 0;
		};
/* End PBXSourcesBuildPhase section */

/* Begin XCBuildConfiguration section */
		EF5BF3F32B06653800520E25 /* Debug */ = {
			isa = XCBuildConfiguration;
			buildSettings = {
				ALWAYS_SEARCH_USER_PATHS = NO;
				ASSETCATALOG_COMPILER_GENERATE_SWIFT_ASSET_SYMBOL_EXTENSIONS = YES;
				CLANG_ANALYZER_NONNULL = YES;
				CLANG_ANALYZER_NUMBER_OBJECT_CONVERSION = YES_AGGRESSIVE;
				CLANG_CXX_LANGUAGE_STANDARD = "gnu++20";
				CLANG_ENABLE_MODULES = YES;
				CLANG_ENABLE_OBJC_ARC = YES;
				CLANG_ENABLE_OBJC_WEAK = YES;
				CLANG_WARN_BLOCK_CAPTURE_AUTORELEASING = YES;
				CLANG_WARN_BOOL_CONVERSION = YES;
				CLANG_WARN_COMMA = YES;
				CLANG_WARN_CONSTANT_CONVERSION = YES;
				CLANG_WARN_DEPRECATED_OBJC_IMPLEMENTATIONS = YES;
				CLANG_WARN_DIRECT_OBJC_ISA_USAGE = YES_ERROR;
				CLANG_WARN_DOCUMENTATION_COMMENTS = YES;
				CLANG_WARN_EMPTY_BODY = YES;
				CLANG_WARN_ENUM_CONVERSION = YES;
				CLANG_WARN_INFINITE_RECURSION = YES;
				CLANG_WARN_INT_CONVERSION = YES;
				CLANG_WARN_NON_LITERAL_NULL_CONVERSION = YES;
				CLANG_WARN_OBJC_IMPLICIT_RETAIN_SELF = YES;
				CLANG_WARN_OBJC_LITERAL_CONVERSION = YES;
				CLANG_WARN_OBJC_ROOT_CLASS = YES_ERROR;
				CLANG_WARN_QUOTED_INCLUDE_IN_FRAMEWORK_HEADER = YES;
				CLANG_WARN_RANGE_LOOP_ANALYSIS = YES;
				CLANG_WARN_STRICT_PROTOTYPES = YES;
				CLANG_WARN_SUSPICIOUS_MOVE = YES;
				CLANG_WARN_UNGUARDED_AVAILABILITY = YES_AGGRESSIVE;
				CLANG_WARN_UNREACHABLE_CODE = YES;
				CLANG_WARN__DUPLICATE_METHOD_MATCH = YES;
				COPY_PHASE_STRIP = NO;
				DEBUG_INFORMATION_FORMAT = dwarf;
				ENABLE_STRICT_OBJC_MSGSEND = YES;
				ENABLE_TESTABILITY = YES;
				ENABLE_USER_SCRIPT_SANDBOXING = YES;
				GCC_C_LANGUAGE_STANDARD = gnu17;
				GCC_DYNAMIC_NO_PIC = NO;
				GCC_NO_COMMON_BLOCKS = YES;
				GCC_OPTIMIZATION_LEVEL = 0;
				GCC_PREPROCESSOR_DEFINITIONS = (
					"DEBUG=1",
					"$(inherited)",
				);
				GCC_WARN_64_TO_32_BIT_CONVERSION = YES;
				GCC_WARN_ABOUT_RETURN_TYPE = YES_ERROR;
				GCC_WARN_UNDECLARED_SELECTOR = YES;
				GCC_WARN_UNINITIALIZED_AUTOS = YES_AGGRESSIVE;
				GCC_WARN_UNUSED_FUNCTION = YES;
				GCC_WARN_UNUSED_VARIABLE = YES;
				IPHONEOS_DEPLOYMENT_TARGET = 17.0;
				LOCALIZATION_PREFERS_STRING_CATALOGS = YES;
				MTL_ENABLE_DEBUG_INFO = INCLUDE_SOURCE;
				MTL_FAST_MATH = YES;
				ONLY_ACTIVE_ARCH = YES;
				SDKROOT = iphoneos;
				SWIFT_ACTIVE_COMPILATION_CONDITIONS = "DEBUG $(inherited)";
				SWIFT_OPTIMIZATION_LEVEL = "-Onone";
			};
			name = Debug;
		};
		EF5BF3F42B06653800520E25 /* Release */ = {
			isa = XCBuildConfiguration;
			buildSettings = {
				ALWAYS_SEARCH_USER_PATHS = NO;
				ASSETCATALOG_COMPILER_GENERATE_SWIFT_ASSET_SYMBOL_EXTENSIONS = YES;
				CLANG_ANALYZER_NONNULL = YES;
				CLANG_ANALYZER_NUMBER_OBJECT_CONVERSION = YES_AGGRESSIVE;
				CLANG_CXX_LANGUAGE_STANDARD = "gnu++20";
				CLANG_ENABLE_MODULES = YES;
				CLANG_ENABLE_OBJC_ARC = YES;
				CLANG_ENABLE_OBJC_WEAK = YES;
				CLANG_WARN_BLOCK_CAPTURE_AUTORELEASING = YES;
				CLANG_WARN_BOOL_CONVERSION = YES;
				CLANG_WARN_COMMA = YES;
				CLANG_WARN_CONSTANT_CONVERSION = YES;
				CLANG_WARN_DEPRECATED_OBJC_IMPLEMENTATIONS = YES;
				CLANG_WARN_DIRECT_OBJC_ISA_USAGE = YES_ERROR;
				CLANG_WARN_DOCUMENTATION_COMMENTS = YES;
				CLANG_WARN_EMPTY_BODY = YES;
				CLANG_WARN_ENUM_CONVERSION = YES;
				CLANG_WARN_INFINITE_RECURSION = YES;
				CLANG_WARN_INT_CONVERSION = YES;
				CLANG_WARN_NON_LITERAL_NULL_CONVERSION = YES;
				CLANG_WARN_OBJC_IMPLICIT_RETAIN_SELF = YES;
				CLANG_WARN_OBJC_LITERAL_CONVERSION = YES;
				CLANG_WARN_OBJC_ROOT_CLASS = YES_ERROR;
				CLANG_WARN_QUOTED_INCLUDE_IN_FRAMEWORK_HEADER = YES;
				CLANG_WARN_RANGE_LOOP_ANALYSIS = YES;
				CLANG_WARN_STRICT_PROTOTYPES = YES;
				CLANG_WARN_SUSPICIOUS_MOVE = YES;
				CLANG_WARN_UNGUARDED_AVAILABILITY = YES_AGGRESSIVE;
				CLANG_WARN_UNREACHABLE_CODE = YES;
				CLANG_WARN__DUPLICATE_METHOD_MATCH = YES;
				COPY_PHASE_STRIP = NO;
				DEBUG_INFORMATION_FORMAT = "dwarf-with-dsym";
				ENABLE_NS_ASSERTIONS = NO;
				ENABLE_STRICT_OBJC_MSGSEND = YES;
				ENABLE_USER_SCRIPT_SANDBOXING = YES;
				GCC_C_LANGUAGE_STANDARD = gnu17;
				GCC_NO_COMMON_BLOCKS = YES;
				GCC_WARN_64_TO_32_BIT_CONVERSION = YES;
				GCC_WARN_ABOUT_RETURN_TYPE = YES_ERROR;
				GCC_WARN_UNDECLARED_SELECTOR = YES;
				GCC_WARN_UNINITIALIZED_AUTOS = YES_AGGRESSIVE;
				GCC_WARN_UNUSED_FUNCTION = YES;
				GCC_WARN_UNUSED_VARIABLE = YES;
				IPHONEOS_DEPLOYMENT_TARGET = 17.0;
				LOCALIZATION_PREFERS_STRING_CATALOGS = YES;
				MTL_ENABLE_DEBUG_INFO = NO;
				MTL_FAST_MATH = YES;
				SDKROOT = iphoneos;
				SWIFT_COMPILATION_MODE = wholemodule;
				VALIDATE_PRODUCT = YES;
			};
			name = Release;
		};
		EF5BF3F62B06653800520E25 /* Debug */ = {
			isa = XCBuildConfiguration;
			buildSettings = {
				ASSETCATALOG_COMPILER_APPICON_NAME = AppIcon;
				ASSETCATALOG_COMPILER_GLOBAL_ACCENT_COLOR_NAME = AccentColor;
				CODE_SIGN_ENTITLEMENTS = ConnectPet/ConnectPet.entitlements;
				CODE_SIGN_STYLE = Automatic;
				CURRENT_PROJECT_VERSION = 1;
				DEVELOPMENT_ASSET_PATHS = "\"ConnectPet/Preview Content\"";
				DEVELOPMENT_TEAM = "";
				ENABLE_PREVIEWS = YES;
				GENERATE_INFOPLIST_FILE = YES;
				INFOPLIST_KEY_UIApplicationSceneManifest_Generation = YES;
				INFOPLIST_KEY_UIApplicationSupportsIndirectInputEvents = YES;
				INFOPLIST_KEY_UILaunchScreen_Generation = YES;
				INFOPLIST_KEY_UISupportedInterfaceOrientations = UIInterfaceOrientationPortrait;
				INFOPLIST_KEY_UISupportedInterfaceOrientations_iPad = "UIInterfaceOrientationLandscapeLeft UIInterfaceOrientationLandscapeRight UIInterfaceOrientationPortrait UIInterfaceOrientationPortraitUpsideDown";
				INFOPLIST_KEY_UIUserInterfaceStyle = Light;
				LD_RUNPATH_SEARCH_PATHS = (
					"$(inherited)",
					"@executable_path/Frameworks",
				);
				MARKETING_VERSION = 1.0;
				PRODUCT_BUNDLE_IDENTIFIER = com.dev.ConnectPet;
				PRODUCT_NAME = "$(TARGET_NAME)";
				SWIFT_EMIT_LOC_STRINGS = YES;
				SWIFT_VERSION = 5.0;
				TARGETED_DEVICE_FAMILY = "1,2";
			};
			name = Debug;
		};
		EF5BF3F72B06653800520E25 /* Release */ = {
			isa = XCBuildConfiguration;
			buildSettings = {
				ASSETCATALOG_COMPILER_APPICON_NAME = AppIcon;
				ASSETCATALOG_COMPILER_GLOBAL_ACCENT_COLOR_NAME = AccentColor;
				CODE_SIGN_ENTITLEMENTS = ConnectPet/ConnectPet.entitlements;
				CODE_SIGN_STYLE = Automatic;
				CURRENT_PROJECT_VERSION = 1;
				DEVELOPMENT_ASSET_PATHS = "\"ConnectPet/Preview Content\"";
				DEVELOPMENT_TEAM = "";
				ENABLE_PREVIEWS = YES;
				GENERATE_INFOPLIST_FILE = YES;
				INFOPLIST_KEY_UIApplicationSceneManifest_Generation = YES;
				INFOPLIST_KEY_UIApplicationSupportsIndirectInputEvents = YES;
				INFOPLIST_KEY_UILaunchScreen_Generation = YES;
				INFOPLIST_KEY_UISupportedInterfaceOrientations = UIInterfaceOrientationPortrait;
				INFOPLIST_KEY_UISupportedInterfaceOrientations_iPad = "UIInterfaceOrientationLandscapeLeft UIInterfaceOrientationLandscapeRight UIInterfaceOrientationPortrait UIInterfaceOrientationPortraitUpsideDown";
				INFOPLIST_KEY_UIUserInterfaceStyle = Light;
				LD_RUNPATH_SEARCH_PATHS = (
					"$(inherited)",
					"@executable_path/Frameworks",
				);
				MARKETING_VERSION = 1.0;
				PRODUCT_BUNDLE_IDENTIFIER = com.dev.ConnectPet;
				PRODUCT_NAME = "$(TARGET_NAME)";
				SWIFT_EMIT_LOC_STRINGS = YES;
				SWIFT_VERSION = 5.0;
				TARGETED_DEVICE_FAMILY = "1,2";
			};
			name = Release;
		};
/* End XCBuildConfiguration section */

/* Begin XCConfigurationList section */
		EF5BF3E22B06653600520E25 /* Build configuration list for PBXProject "ConnectPet" */ = {
			isa = XCConfigurationList;
			buildConfigurations = (
				EF5BF3F32B06653800520E25 /* Debug */,
				EF5BF3F42B06653800520E25 /* Release */,
			);
			defaultConfigurationIsVisible = 0;
			defaultConfigurationName = Release;
		};
		EF5BF3F52B06653800520E25 /* Build configuration list for PBXNativeTarget "ConnectPet" */ = {
			isa = XCConfigurationList;
			buildConfigurations = (
				EF5BF3F62B06653800520E25 /* Debug */,
				EF5BF3F72B06653800520E25 /* Release */,
			);
			defaultConfigurationIsVisible = 0;
			defaultConfigurationName = Release;
		};
/* End XCConfigurationList section */

/* Begin XCVersionGroup section */
		EFCC117F2B0CF9D100353DEB /* ConnectPet.xcdatamodeld */ = {
			isa = XCVersionGroup;
			children = (
				EFCC11802B0CF9D100353DEB /* ConnectPet.xcdatamodel */,
			);
			currentVersion = EFCC11802B0CF9D100353DEB /* ConnectPet.xcdatamodel */;
			path = ConnectPet.xcdatamodeld;
			sourceTree = "<group>";
			versionGroupType = wrapper.xcdatamodel;
		};
/* End XCVersionGroup section */
	};
	rootObject = EF5BF3DF2B06653600520E25 /* Project object */;
}
