// !$*UTF8*$!
{
	archiveVersion = 1;
	classes = {
	};
	objectVersion = 56;
	objects = {

/* Begin PBXBuildFile section */
		CFF7CEEE2B0E38B300622BBF /* PerfilPetView.swift in Sources */ = {isa = PBXBuildFile; fileRef = CFF7CEED2B0E38B300622BBF /* PerfilPetView.swift */; };
		EF5BF3EB2B06653600520E25 /* ConnectPetApp.swift in Sources */ = {isa = PBXBuildFile; fileRef = EF5BF3EA2B06653600520E25 /* ConnectPetApp.swift */; };
		EF5BF3ED2B06653600520E25 /* ContentView.swift in Sources */ = {isa = PBXBuildFile; fileRef = EF5BF3EC2B06653600520E25 /* ContentView.swift */; };
		EF5BF3EF2B06653800520E25 /* Assets.xcassets in Resources */ = {isa = PBXBuildFile; fileRef = EF5BF3EE2B06653800520E25 /* Assets.xcassets */; };
		EF5BF3F22B06653800520E25 /* Preview Assets.xcassets in Resources */ = {isa = PBXBuildFile; fileRef = EF5BF3F12B06653800520E25 /* Preview Assets.xcassets */; };
		EFCC11852B0CFA1600353DEB /* ConnectPet.xcdatamodeld in Sources */ = {isa = PBXBuildFile; fileRef = EFCC117F2B0CF9D100353DEB /* ConnectPet.xcdatamodeld */; };
		EFCC11872B0CFC0300353DEB /* Persistence.swift in Sources */ = {isa = PBXBuildFile; fileRef = EFCC11862B0CFC0300353DEB /* Persistence.swift */; };
/* End PBXBuildFile section */

/* Begin PBXFileReference section */
		CFF7CEED2B0E38B300622BBF /* PerfilPetView.swift */ = {isa = PBXFileReference; lastKnownFileType = sourcecode.swift; name = PerfilPetView.swift; path = ConnectPet/Flow/BoasVindas/PerfilPetView.swift; sourceTree = SOURCE_ROOT; };
		EF5BF3E72B06653600520E25 /* ConnectPet.app */ = {isa = PBXFileReference; explicitFileType = wrapper.application; includeInIndex = 0; path = ConnectPet.app; sourceTree = BUILT_PRODUCTS_DIR; };
		EF5BF3EA2B06653600520E25 /* ConnectPetApp.swift */ = {isa = PBXFileReference; lastKnownFileType = sourcecode.swift; path = ConnectPetApp.swift; sourceTree = "<group>"; };
		EF5BF3EC2B06653600520E25 /* ContentView.swift */ = {isa = PBXFileReference; lastKnownFileType = sourcecode.swift; path = ContentView.swift; sourceTree = "<group>"; };
		EF5BF3EE2B06653800520E25 /* Assets.xcassets */ = {isa = PBXFileReference; lastKnownFileType = folder.assetcatalog; path = Assets.xcassets; sourceTree = "<group>"; };
		EF5BF3F12B06653800520E25 /* Preview Assets.xcassets */ = {isa = PBXFileReference; lastKnownFileType = folder.assetcatalog; path = "Preview Assets.xcassets"; sourceTree = "<group>"; };
		EFCC11802B0CF9D100353DEB /* ConnectPet.xcdatamodel */ = {isa = PBXFileReference; lastKnownFileType = wrapper.xcdatamodel; path = ConnectPet.xcdatamodel; sourceTree = "<group>"; };
		EFCC11862B0CFC0300353DEB /* Persistence.swift */ = {isa = PBXFileReference; fileEncoding = 4; lastKnownFileType = sourcecode.swift; path = Persistence.swift; sourceTree = "<group>"; };
/* End PBXFileReference section */

/* Begin PBXFrameworksBuildPhase section */
		EF5BF3E42B06653600520E25 /* Frameworks */ = {
			isa = PBXFrameworksBuildPhase;
			buildActionMask = 2147483647;
			files = (
			);
			runOnlyForDeploymentPostprocessing = 0;
		};
/* End PBXFrameworksBuildPhase section */

/* Begin PBXGroup section */
		EF5BF3DE2B06653600520E25 = {
			isa = PBXGroup;
			children = (
				EF5BF3E92B06653600520E25 /* ConnectPet */,
				EF5BF3E82B06653600520E25 /* Products */,
			);
			sourceTree = "<group>";
		};
		EF5BF3E82B06653600520E25 /* Products */ = {
			isa = PBXGroup;
			children = (
				EF5BF3E72B06653600520E25 /* ConnectPet.app */,
			);
			name = Products;
			sourceTree = "<group>";
		};
		EF5BF3E92B06653600520E25 /* ConnectPet */ = {
			isa = PBXGroup;
			children = (
				EF5BF4002B079CFD00520E25 /* Persistence */,
				EF5BF3F92B06B01C00520E25 /* Flow */,
				EF5BF3EA2B06653600520E25 /* ConnectPetApp.swift */,
				EF5BF3EC2B06653600520E25 /* ContentView.swift */,
				EFCC117F2B0CF9D100353DEB /* ConnectPet.xcdatamodeld */,
				EF5BF3EE2B06653800520E25 /* Assets.xcassets */,
				EF5BF3F02B06653800520E25 /* Preview Content */,
			);
			path = ConnectPet;
			sourceTree = "<group>";
		};
		EF5BF3F02B06653800520E25 /* Preview Content */ = {
			isa = PBXGroup;
			children = (
				EF5BF3F12B06653800520E25 /* Preview Assets.xcassets */,
			);
			path = "Preview Content";
			sourceTree = "<group>";
		};
		EF5BF3F92B06B01C00520E25 /* Flow */ = {
			isa = PBXGroup;
			children = (
				EF5BF3FF2B06B09400520E25 /* CadastroPet */,
				EF5BF3FE2B06B08400520E25 /* PerfilPet */,
				EF5BF3FD2B06B06F00520E25 /* Perfil */,
				EF5BF3FC2B06B05900520E25 /* Feed */,
				EF5BF3FB2B06B03400520E25 /* ListaPets */,
				EF5BF3FA2B06B02500520E25 /* TabBar */,
			);
			path = Flow;
			sourceTree = "<group>";
		};
		EF5BF3FA2B06B02500520E25 /* TabBar */ = {
			isa = PBXGroup;
			children = (
			);
			path = TabBar;
			sourceTree = "<group>";
		};
		EF5BF3FB2B06B03400520E25 /* ListaPets */ = {
			isa = PBXGroup;
			children = (
			);
			path = ListaPets;
			sourceTree = "<group>";
		};
		EF5BF3FC2B06B05900520E25 /* Feed */ = {
			isa = PBXGroup;
			children = (
			);
			path = Feed;
			sourceTree = "<group>";
		};
		EF5BF3FD2B06B06F00520E25 /* Perfil */ = {
			isa = PBXGroup;
			children = (
			);
			path = Perfil;
			sourceTree = "<group>";
		};
		EF5BF3FE2B06B08400520E25 /* PerfilPet */ = {
			isa = PBXGroup;
			children = (
				CFF7CEED2B0E38B300622BBF /* PerfilPetView.swift */,
			);
			path = PerfilPet;
			sourceTree = "<group>";
		};
		EF5BF3FF2B06B09400520E25 /* CadastroPet */ = {
			isa = PBXGroup;
			children = (
			);
			path = CadastroPet;
			sourceTree = "<group>";
		};
		EF5BF4002B079CFD00520E25 /* Persistence */ = {
			isa = PBXGroup;
			children = (
				EFCC11862B0CFC0300353DEB /* Persistence.swift */,
				EF5BF4292B0CEE2200520E25 /* Model */,
			);
			path = Persistence;
			sourceTree = "<group>";
		};
		EF5BF4292B0CEE2200520E25 /* Model */ = {
			isa = PBXGroup;
			children = (
			);
			path = Model;
			sourceTree = "<group>";
		};
/* End PBXGroup section */

/* Begin PBXNativeTarget section */
		EF5BF3E62B06653600520E25 /* ConnectPet */ = {
			isa = PBXNativeTarget;
			buildConfigurationList = EF5BF3F52B06653800520E25 /* Build configuration list for PBXNativeTarget "ConnectPet" */;
			buildPhases = (
				EF5BF3E32B06653600520E25 /* Sources */,
				EF5BF3E42B06653600520E25 /* Frameworks */,
				EF5BF3E52B06653600520E25 /* Resources */,
			);
			buildRules = (
			);
			dependencies = (
			);
			name = ConnectPet;
			productName = ConnectPet;
			productReference = EF5BF3E72B06653600520E25 /* ConnectPet.app */;
			productType = "com.apple.product-type.application";
		};
/* End PBXNativeTarget section */

/* Begin PBXProject section */
		EF5BF3DF2B06653600520E25 /* Project object */ = {
			isa = PBXProject;
			attributes = {
				BuildIndependentTargetsInParallel = 1;
				LastSwiftUpdateCheck = 1500;
				LastUpgradeCheck = 1500;
				TargetAttributes = {
					EF5BF3E62B06653600520E25 = {
						CreatedOnToolsVersion = 15.0;
					};
				};
			};
			buildConfigurationList = EF5BF3E22B06653600520E25 /* Build configuration list for PBXProject "ConnectPet" */;
			compatibilityVersion = "Xcode 14.0";
			developmentRegion = en;
			hasScannedForEncodings = 0;
			knownRegions = (
				en,
				Base,
			);
			mainGroup = EF5BF3DE2B06653600520E25;
			productRefGroup = EF5BF3E82B06653600520E25 /* Products */;
			projectDirPath = "";
			projectRoot = "";
			targets = (
				EF5BF3E62B06653600520E25 /* ConnectPet */,
			);
		};
/* End PBXProject section */

/* Begin PBXResourcesBuildPhase section */
		EF5BF3E52B06653600520E25 /* Resources */ = {
			isa = PBXResourcesBuildPhase;
			buildActionMask = 2147483647;
			files = (
				EF5BF3F22B06653800520E25 /* Preview Assets.xcassets in Resources */,
				EF5BF3EF2B06653800520E25 /* Assets.xcassets in Resources */,
			);
			runOnlyForDeploymentPostprocessing = 0;
		};
/* End PBXResourcesBuildPhase section */

/* Begin PBXSourcesBuildPhase section */
		EF5BF3E32B06653600520E25 /* Sources */ = {
			isa = PBXSourcesBuildPhase;
			buildActionMask = 2147483647;
			files = (
				CFF7CEEE2B0E38B300622BBF /* PerfilPetView.swift in Sources */,
				EFCC11852B0CFA1600353DEB /* ConnectPet.xcdatamodeld in Sources */,
				EFCC11872B0CFC0300353DEB /* Persistence.swift in Sources */,
				EF5BF3ED2B06653600520E25 /* ContentView.swift in Sources */,
				EF5BF3EB2B06653600520E25 /* ConnectPetApp.swift in Sources */,
			);
			runOnlyForDeploymentPostprocessing = 0;
		};
/* End PBXSourcesBuildPhase section */

/* Begin XCBuildConfiguration section */
		EF5BF3F32B06653800520E25 /* Debug */ = {
			isa = XCBuildConfiguration;
			buildSettings = {
				ALWAYS_SEARCH_USER_PATHS = NO;
				ASSETCATALOG_COMPILER_GENERATE_SWIFT_ASSET_SYMBOL_EXTENSIONS = YES;
				CLANG_ANALYZER_NONNULL = YES;
				CLANG_ANALYZER_NUMBER_OBJECT_CONVERSION = YES_AGGRESSIVE;
				CLANG_CXX_LANGUAGE_STANDARD = "gnu++20";
				CLANG_ENABLE_MODULES = YES;
				CLANG_ENABLE_OBJC_ARC = YES;
				CLANG_ENABLE_OBJC_WEAK = YES;
				CLANG_WARN_BLOCK_CAPTURE_AUTORELEASING = YES;
				CLANG_WARN_BOOL_CONVERSION = YES;
				CLANG_WARN_COMMA = YES;
				CLANG_WARN_CONSTANT_CONVERSION = YES;
				CLANG_WARN_DEPRECATED_OBJC_IMPLEMENTATIONS = YES;
				CLANG_WARN_DIRECT_OBJC_ISA_USAGE = YES_ERROR;
				CLANG_WARN_DOCUMENTATION_COMMENTS = YES;
				CLANG_WARN_EMPTY_BODY = YES;
				CLANG_WARN_ENUM_CONVERSION = YES;
				CLANG_WARN_INFINITE_RECURSION = YES;
				CLANG_WARN_INT_CONVERSION = YES;
				CLANG_WARN_NON_LITERAL_NULL_CONVERSION = YES;
				CLANG_WARN_OBJC_IMPLICIT_RETAIN_SELF = YES;
				CLANG_WARN_OBJC_LITERAL_CONVERSION = YES;
				CLANG_WARN_OBJC_ROOT_CLASS = YES_ERROR;
				CLANG_WARN_QUOTED_INCLUDE_IN_FRAMEWORK_HEADER = YES;
				CLANG_WARN_RANGE_LOOP_ANALYSIS = YES;
				CLANG_WARN_STRICT_PROTOTYPES = YES;
				CLANG_WARN_SUSPICIOUS_MOVE = YES;
				CLANG_WARN_UNGUARDED_AVAILABILITY = YES_AGGRESSIVE;
				CLANG_WARN_UNREACHABLE_CODE = YES;
				CLANG_WARN__DUPLICATE_METHOD_MATCH = YES;
				COPY_PHASE_STRIP = NO;
				DEBUG_INFORMATION_FORMAT = dwarf;
				ENABLE_STRICT_OBJC_MSGSEND = YES;
				ENABLE_TESTABILITY = YES;
				ENABLE_USER_SCRIPT_SANDBOXING = YES;
				GCC_C_LANGUAGE_STANDARD = gnu17;
				GCC_DYNAMIC_NO_PIC = NO;
				GCC_NO_COMMON_BLOCKS = YES;
				GCC_OPTIMIZATION_LEVEL = 0;
				GCC_PREPROCESSOR_DEFINITIONS = (
					"DEBUG=1",
					"$(inherited)",
				);
				GCC_WARN_64_TO_32_BIT_CONVERSION = YES;
				GCC_WARN_ABOUT_RETURN_TYPE = YES_ERROR;
				GCC_WARN_UNDECLARED_SELECTOR = YES;
				GCC_WARN_UNINITIALIZED_AUTOS = YES_AGGRESSIVE;
				GCC_WARN_UNUSED_FUNCTION = YES;
				GCC_WARN_UNUSED_VARIABLE = YES;
				IPHONEOS_DEPLOYMENT_TARGET = 17.0;
				LOCALIZATION_PREFERS_STRING_CATALOGS = YES;
				MTL_ENABLE_DEBUG_INFO = INCLUDE_SOURCE;
				MTL_FAST_MATH = YES;
				ONLY_ACTIVE_ARCH = YES;
				SDKROOT = iphoneos;
				SWIFT_ACTIVE_COMPILATION_CONDITIONS = "DEBUG $(inherited)";
				SWIFT_OPTIMIZATION_LEVEL = "-Onone";
			};
			name = Debug;
		};
		EF5BF3F42B06653800520E25 /* Release */ = {
			isa = XCBuildConfiguration;
			buildSettings = {
				ALWAYS_SEARCH_USER_PATHS = NO;
				ASSETCATALOG_COMPILER_GENERATE_SWIFT_ASSET_SYMBOL_EXTENSIONS = YES;
				CLANG_ANALYZER_NONNULL = YES;
				CLANG_ANALYZER_NUMBER_OBJECT_CONVERSION = YES_AGGRESSIVE;
				CLANG_CXX_LANGUAGE_STANDARD = "gnu++20";
				CLANG_ENABLE_MODULES = YES;
				CLANG_ENABLE_OBJC_ARC = YES;
				CLANG_ENABLE_OBJC_WEAK = YES;
				CLANG_WARN_BLOCK_CAPTURE_AUTORELEASING = YES;
				CLANG_WARN_BOOL_CONVERSION = YES;
				CLANG_WARN_COMMA = YES;
				CLANG_WARN_CONSTANT_CONVERSION = YES;
				CLANG_WARN_DEPRECATED_OBJC_IMPLEMENTATIONS = YES;
				CLANG_WARN_DIRECT_OBJC_ISA_USAGE = YES_ERROR;
				CLANG_WARN_DOCUMENTATION_COMMENTS = YES;
				CLANG_WARN_EMPTY_BODY = YES;
				CLANG_WARN_ENUM_CONVERSION = YES;
				CLANG_WARN_INFINITE_RECURSION = YES;
				CLANG_WARN_INT_CONVERSION = YES;
				CLANG_WARN_NON_LITERAL_NULL_CONVERSION = YES;
				CLANG_WARN_OBJC_IMPLICIT_RETAIN_SELF = YES;
				CLANG_WARN_OBJC_LITERAL_CONVERSION = YES;
				CLANG_WARN_OBJC_ROOT_CLASS = YES_ERROR;
				CLANG_WARN_QUOTED_INCLUDE_IN_FRAMEWORK_HEADER = YES;
				CLANG_WARN_RANGE_LOOP_ANALYSIS = YES;
				CLANG_WARN_STRICT_PROTOTYPES = YES;
				CLANG_WARN_SUSPICIOUS_MOVE = YES;
				CLANG_WARN_UNGUARDED_AVAILABILITY = YES_AGGRESSIVE;
				CLANG_WARN_UNREACHABLE_CODE = YES;
				CLANG_WARN__DUPLICATE_METHOD_MATCH = YES;
				COPY_PHASE_STRIP = NO;
				DEBUG_INFORMATION_FORMAT = "dwarf-with-dsym";
				ENABLE_NS_ASSERTIONS = NO;
				ENABLE_STRICT_OBJC_MSGSEND = YES;
				ENABLE_USER_SCRIPT_SANDBOXING = YES;
				GCC_C_LANGUAGE_STANDARD = gnu17;
				GCC_NO_COMMON_BLOCKS = YES;
				GCC_WARN_64_TO_32_BIT_CONVERSION = YES;
				GCC_WARN_ABOUT_RETURN_TYPE = YES_ERROR;
				GCC_WARN_UNDECLARED_SELECTOR = YES;
				GCC_WARN_UNINITIALIZED_AUTOS = YES_AGGRESSIVE;
				GCC_WARN_UNUSED_FUNCTION = YES;
				GCC_WARN_UNUSED_VARIABLE = YES;
				IPHONEOS_DEPLOYMENT_TARGET = 17.0;
				LOCALIZATION_PREFERS_STRING_CATALOGS = YES;
				MTL_ENABLE_DEBUG_INFO = NO;
				MTL_FAST_MATH = YES;
				SDKROOT = iphoneos;
				SWIFT_COMPILATION_MODE = wholemodule;
				VALIDATE_PRODUCT = YES;
			};
			name = Release;
		};
		EF5BF3F62B06653800520E25 /* Debug */ = {
			isa = XCBuildConfiguration;
			buildSettings = {
				ASSETCATALOG_COMPILER_APPICON_NAME = AppIcon;
				ASSETCATALOG_COMPILER_GLOBAL_ACCENT_COLOR_NAME = AccentColor;
				CODE_SIGN_STYLE = Automatic;
				CURRENT_PROJECT_VERSION = 1;
				DEVELOPMENT_ASSET_PATHS = "\"ConnectPet/Preview Content\"";
				DEVELOPMENT_TEAM = VGFW952459;
				ENABLE_PREVIEWS = YES;
				GENERATE_INFOPLIST_FILE = YES;
				INFOPLIST_KEY_UIApplicationSceneManifest_Generation = YES;
				INFOPLIST_KEY_UIApplicationSupportsIndirectInputEvents = YES;
				INFOPLIST_KEY_UILaunchScreen_Generation = YES;
				INFOPLIST_KEY_UISupportedInterfaceOrientations_iPad = "UIInterfaceOrientationPortrait UIInterfaceOrientationPortraitUpsideDown UIInterfaceOrientationLandscapeLeft UIInterfaceOrientationLandscapeRight";
				INFOPLIST_KEY_UISupportedInterfaceOrientations_iPhone = "UIInterfaceOrientationPortrait UIInterfaceOrientationLandscapeLeft UIInterfaceOrientationLandscapeRight";
				LD_RUNPATH_SEARCH_PATHS = (
					"$(inherited)",
					"@executable_path/Frameworks",
				);
				MARKETING_VERSION = 1.0;
				PRODUCT_BUNDLE_IDENTIFIER = com.dev.ConnectPet;
				PRODUCT_NAME = "$(TARGET_NAME)";
				SWIFT_EMIT_LOC_STRINGS = YES;
				SWIFT_VERSION = 5.0;
				TARGETED_DEVICE_FAMILY = "1,2";
			};
			name = Debug;
		};
		EF5BF3F72B06653800520E25 /* Release */ = {
			isa = XCBuildConfiguration;
			buildSettings = {
				ASSETCATALOG_COMPILER_APPICON_NAME = AppIcon;
				ASSETCATALOG_COMPILER_GLOBAL_ACCENT_COLOR_NAME = AccentColor;
				CODE_SIGN_STYLE = Automatic;
				CURRENT_PROJECT_VERSION = 1;
				DEVELOPMENT_ASSET_PATHS = "\"ConnectPet/Preview Content\"";
				DEVELOPMENT_TEAM = VGFW952459;
				ENABLE_PREVIEWS = YES;
				GENERATE_INFOPLIST_FILE = YES;
				INFOPLIST_KEY_UIApplicationSceneManifest_Generation = YES;
				INFOPLIST_KEY_UIApplicationSupportsIndirectInputEvents = YES;
				INFOPLIST_KEY_UILaunchScreen_Generation = YES;
				INFOPLIST_KEY_UISupportedInterfaceOrientations_iPad = "UIInterfaceOrientationPortrait UIInterfaceOrientationPortraitUpsideDown UIInterfaceOrientationLandscapeLeft UIInterfaceOrientationLandscapeRight";
				INFOPLIST_KEY_UISupportedInterfaceOrientations_iPhone = "UIInterfaceOrientationPortrait UIInterfaceOrientationLandscapeLeft UIInterfaceOrientationLandscapeRight";
				LD_RUNPATH_SEARCH_PATHS = (
					"$(inherited)",
					"@executable_path/Frameworks",
				);
				MARKETING_VERSION = 1.0;
				PRODUCT_BUNDLE_IDENTIFIER = com.dev.ConnectPet;
				PRODUCT_NAME = "$(TARGET_NAME)";
				SWIFT_EMIT_LOC_STRINGS = YES;
				SWIFT_VERSION = 5.0;
				TARGETED_DEVICE_FAMILY = "1,2";
			};
			name = Release;
		};
/* End XCBuildConfiguration section */

/* Begin XCConfigurationList section */
		EF5BF3E22B06653600520E25 /* Build configuration list for PBXProject "ConnectPet" */ = {
			isa = XCConfigurationList;
			buildConfigurations = (
				EF5BF3F32B06653800520E25 /* Debug */,
				EF5BF3F42B06653800520E25 /* Release */,
			);
			defaultConfigurationIsVisible = 0;
			defaultConfigurationName = Release;
		};
		EF5BF3F52B06653800520E25 /* Build configuration list for PBXNativeTarget "ConnectPet" */ = {
			isa = XCConfigurationList;
			buildConfigurations = (
				EF5BF3F62B06653800520E25 /* Debug */,
				EF5BF3F72B06653800520E25 /* Release */,
			);
			defaultConfigurationIsVisible = 0;
			defaultConfigurationName = Release;
		};
/* End XCConfigurationList section */

/* Begin XCVersionGroup section */
		EFCC117F2B0CF9D100353DEB /* ConnectPet.xcdatamodeld */ = {
			isa = XCVersionGroup;
			children = (
				EFCC11802B0CF9D100353DEB /* ConnectPet.xcdatamodel */,
			);
			currentVersion = EFCC11802B0CF9D100353DEB /* ConnectPet.xcdatamodel */;
			path = ConnectPet.xcdatamodeld;
			sourceTree = "<group>";
			versionGroupType = wrapper.xcdatamodel;
		};
/* End XCVersionGroup section */
	};
	rootObject = EF5BF3DF2B06653600520E25 /* Project object */;
}
